
Microsoft Visual Studio Solution File, Format Version 12.00
# Visual Studio Version 17
VisualStudioVersion = 17.6.33829.357
MinimumVisualStudioVersion = 10.0.40219.1
Project("{FAE04EC0-301F-11D3-BF4B-00C04F79EFBC}") = "Ticketing_Project", "Ticketing_Project\Ticketing_Project.csproj", "{0B295760-D060-4BEB-97C7-220D1FF7FCDB}"
EndProject
Global
	GlobalSection(SolutionConfigurationPlatforms) = preSolution
		Debug|Any CPU = Debug|Any CPU
		Release|Any CPU = Release|Any CPU
	EndGlobalSection
	GlobalSection(ProjectConfigurationPlatforms) = postSolution
		{0B295760-D060-4BEB-97C7-220D1FF7FCDB}.Debug|Any CPU.ActiveCfg = Debug|Any CPU
		{0B295760-D060-4BEB-97C7-220D1FF7FCDB}.Debug|Any CPU.Build.0 = Debug|Any CPU
		{0B295760-D060-4BEB-97C7-220D1FF7FCDB}.Release|Any CPU.ActiveCfg = Release|Any CPU
		{0B295760-D060-4BEB-97C7-220D1FF7FCDB}.Release|Any CPU.Build.0 = Release|Any CPU
	EndGlobalSection
	GlobalSection(SolutionProperties) = preSolution
		HideSolutionNode = FALSE
	EndGlobalSection
	GlobalSection(ExtensibilityGlobals) = postSolution
		SolutionGuid = {7A2851C6-390E-4C42-ADC1-6505AA993668}
	EndGlobalSection
EndGlobal
